// !$*UTF8*$!
{
	archiveVersion = 1;
	classes = {
	};
	objectVersion = 50;
	objects = {

/* Begin PBXBuildFile section */
		1161C59122506D8300FE50A6 /* AppDelegate.swift in Sources */ = {isa = PBXBuildFile; fileRef = 1161C59022506D8300FE50A6 /* AppDelegate.swift */; };
		1161C59322506D8300FE50A6 /* ViewController.swift in Sources */ = {isa = PBXBuildFile; fileRef = 1161C59222506D8300FE50A6 /* ViewController.swift */; };
		1161C59622506D8300FE50A6 /* Main.storyboard in Resources */ = {isa = PBXBuildFile; fileRef = 1161C59422506D8300FE50A6 /* Main.storyboard */; };
		1161C59822506D8400FE50A6 /* Assets.xcassets in Resources */ = {isa = PBXBuildFile; fileRef = 1161C59722506D8400FE50A6 /* Assets.xcassets */; };
		1161C59B22506D8400FE50A6 /* LaunchScreen.storyboard in Resources */ = {isa = PBXBuildFile; fileRef = 1161C59922506D8400FE50A6 /* LaunchScreen.storyboard */; };
		1161C5A622506D8400FE50A6 /* GachaTests.swift in Sources */ = {isa = PBXBuildFile; fileRef = 1161C5A522506D8400FE50A6 /* GachaTests.swift */; };
		1161C5B122506D8400FE50A6 /* GachaUITests.swift in Sources */ = {isa = PBXBuildFile; fileRef = 1161C5B022506D8400FE50A6 /* GachaUITests.swift */; };
/* End PBXBuildFile section */

/* Begin PBXContainerItemProxy section */
		1161C5A222506D8400FE50A6 /* PBXContainerItemProxy */ = {
			isa = PBXContainerItemProxy;
			containerPortal = 1161C58522506D8300FE50A6 /* Project object */;
			proxyType = 1;
			remoteGlobalIDString = 1161C58C22506D8300FE50A6;
			remoteInfo = Gacha;
		};
		1161C5AD22506D8400FE50A6 /* PBXContainerItemProxy */ = {
			isa = PBXContainerItemProxy;
			containerPortal = 1161C58522506D8300FE50A6 /* Project object */;
			proxyType = 1;
			remoteGlobalIDString = 1161C58C22506D8300FE50A6;
			remoteInfo = Gacha;
		};
/* End PBXContainerItemProxy section */

/* Begin PBXFileReference section */
		1161C58D22506D8300FE50A6 /* Gacha.app */ = {isa = PBXFileReference; explicitFileType = wrapper.application; includeInIndex = 0; path = Gacha.app; sourceTree = BUILT_PRODUCTS_DIR; };
		1161C59022506D8300FE50A6 /* AppDelegate.swift */ = {isa = PBXFileReference; lastKnownFileType = sourcecode.swift; path = AppDelegate.swift; sourceTree = "<group>"; };
		1161C59222506D8300FE50A6 /* ViewController.swift */ = {isa = PBXFileReference; lastKnownFileType = sourcecode.swift; path = ViewController.swift; sourceTree = "<group>"; };
		1161C59522506D8300FE50A6 /* Base */ = {isa = PBXFileReference; lastKnownFileType = file.storyboard; name = Base; path = Base.lproj/Main.storyboard; sourceTree = "<group>"; };
		1161C59722506D8400FE50A6 /* Assets.xcassets */ = {isa = PBXFileReference; lastKnownFileType = folder.assetcatalog; path = Assets.xcassets; sourceTree = "<group>"; };
		1161C59A22506D8400FE50A6 /* Base */ = {isa = PBXFileReference; lastKnownFileType = file.storyboard; name = Base; path = Base.lproj/LaunchScreen.storyboard; sourceTree = "<group>"; };
		1161C59C22506D8400FE50A6 /* Info.plist */ = {isa = PBXFileReference; lastKnownFileType = text.plist.xml; path = Info.plist; sourceTree = "<group>"; };
		1161C5A122506D8400FE50A6 /* GachaTests.xctest */ = {isa = PBXFileReference; explicitFileType = wrapper.cfbundle; includeInIndex = 0; path = GachaTests.xctest; sourceTree = BUILT_PRODUCTS_DIR; };
		1161C5A522506D8400FE50A6 /* GachaTests.swift */ = {isa = PBXFileReference; lastKnownFileType = sourcecode.swift; path = GachaTests.swift; sourceTree = "<group>"; };
		1161C5A722506D8400FE50A6 /* Info.plist */ = {isa = PBXFileReference; lastKnownFileType = text.plist.xml; path = Info.plist; sourceTree = "<group>"; };
		1161C5AC22506D8400FE50A6 /* GachaUITests.xctest */ = {isa = PBXFileReference; explicitFileType = wrapper.cfbundle; includeInIndex = 0; path = GachaUITests.xctest; sourceTree = BUILT_PRODUCTS_DIR; };
		1161C5B022506D8400FE50A6 /* GachaUITests.swift */ = {isa = PBXFileReference; lastKnownFileType = sourcecode.swift; path = GachaUITests.swift; sourceTree = "<group>"; };
		1161C5B222506D8400FE50A6 /* Info.plist */ = {isa = PBXFileReference; lastKnownFileType = text.plist.xml; path = Info.plist; sourceTree = "<group>"; };
/* End PBXFileReference section */

/* Begin PBXFrameworksBuildPhase section */
		1161C58A22506D8300FE50A6 /* Frameworks */ = {
			isa = PBXFrameworksBuildPhase;
			buildActionMask = 2147483647;
			files = (
			);
			runOnlyForDeploymentPostprocessing = 0;
		};
		1161C59E22506D8400FE50A6 /* Frameworks */ = {
			isa = PBXFrameworksBuildPhase;
			buildActionMask = 2147483647;
			files = (
			);
			runOnlyForDeploymentPostprocessing = 0;
		};
		1161C5A922506D8400FE50A6 /* Frameworks */ = {
			isa = PBXFrameworksBuildPhase;
			buildActionMask = 2147483647;
			files = (
			);
			runOnlyForDeploymentPostprocessing = 0;
		};
/* End PBXFrameworksBuildPhase section */

/* Begin PBXGroup section */
		1161C58422506D8300FE50A6 = {
			isa = PBXGroup;
			children = (
				1161C58F22506D8300FE50A6 /* Gacha */,
				1161C5A422506D8400FE50A6 /* GachaTests */,
				1161C5AF22506D8400FE50A6 /* GachaUITests */,
				1161C58E22506D8300FE50A6 /* Products */,
			);
			sourceTree = "<group>";
		};
		1161C58E22506D8300FE50A6 /* Products */ = {
			isa = PBXGroup;
			children = (
				1161C58D22506D8300FE50A6 /* Gacha.app */,
				1161C5A122506D8400FE50A6 /* GachaTests.xctest */,
				1161C5AC22506D8400FE50A6 /* GachaUITests.xctest */,
			);
			name = Products;
			sourceTree = "<group>";
		};
		1161C58F22506D8300FE50A6 /* Gacha */ = {
			isa = PBXGroup;
			children = (
				1161C59022506D8300FE50A6 /* AppDelegate.swift */,
				1161C59222506D8300FE50A6 /* ViewController.swift */,
				1161C59422506D8300FE50A6 /* Main.storyboard */,
				1161C59722506D8400FE50A6 /* Assets.xcassets */,
				1161C59922506D8400FE50A6 /* LaunchScreen.storyboard */,
				1161C59C22506D8400FE50A6 /* Info.plist */,
			);
			path = Gacha;
			sourceTree = "<group>";
		};
		1161C5A422506D8400FE50A6 /* GachaTests */ = {
			isa = PBXGroup;
			children = (
				1161C5A522506D8400FE50A6 /* GachaTests.swift */,
				1161C5A722506D8400FE50A6 /* Info.plist */,
			);
			path = GachaTests;
			sourceTree = "<group>";
		};
		1161C5AF22506D8400FE50A6 /* GachaUITests */ = {
			isa = PBXGroup;
			children = (
				1161C5B022506D8400FE50A6 /* GachaUITests.swift */,
				1161C5B222506D8400FE50A6 /* Info.plist */,
			);
			path = GachaUITests;
			sourceTree = "<group>";
		};
/* End PBXGroup section */

/* Begin PBXNativeTarget section */
		1161C58C22506D8300FE50A6 /* Gacha */ = {
			isa = PBXNativeTarget;
			buildConfigurationList = 1161C5B522506D8400FE50A6 /* Build configuration list for PBXNativeTarget "Gacha" */;
			buildPhases = (
				1161C58922506D8300FE50A6 /* Sources */,
				1161C58A22506D8300FE50A6 /* Frameworks */,
				1161C58B22506D8300FE50A6 /* Resources */,
			);
			buildRules = (
			);
			dependencies = (
			);
			name = Gacha;
			productName = Gacha;
			productReference = 1161C58D22506D8300FE50A6 /* Gacha.app */;
			productType = "com.apple.product-type.application";
		};
		1161C5A022506D8400FE50A6 /* GachaTests */ = {
			isa = PBXNativeTarget;
			buildConfigurationList = 1161C5B822506D8400FE50A6 /* Build configuration list for PBXNativeTarget "GachaTests" */;
			buildPhases = (
				1161C59D22506D8400FE50A6 /* Sources */,
				1161C59E22506D8400FE50A6 /* Frameworks */,
				1161C59F22506D8400FE50A6 /* Resources */,
			);
			buildRules = (
			);
			dependencies = (
				1161C5A322506D8400FE50A6 /* PBXTargetDependency */,
			);
			name = GachaTests;
			productName = GachaTests;
			productReference = 1161C5A122506D8400FE50A6 /* GachaTests.xctest */;
			productType = "com.apple.product-type.bundle.unit-test";
		};
		1161C5AB22506D8400FE50A6 /* GachaUITests */ = {
			isa = PBXNativeTarget;
			buildConfigurationList = 1161C5BB22506D8400FE50A6 /* Build configuration list for PBXNativeTarget "GachaUITests" */;
			buildPhases = (
				1161C5A822506D8400FE50A6 /* Sources */,
				1161C5A922506D8400FE50A6 /* Frameworks */,
				1161C5AA22506D8400FE50A6 /* Resources */,
			);
			buildRules = (
			);
			dependencies = (
				1161C5AE22506D8400FE50A6 /* PBXTargetDependency */,
			);
			name = GachaUITests;
			productName = GachaUITests;
			productReference = 1161C5AC22506D8400FE50A6 /* GachaUITests.xctest */;
			productType = "com.apple.product-type.bundle.ui-testing";
		};
/* End PBXNativeTarget section */

/* Begin PBXProject section */
		1161C58522506D8300FE50A6 /* Project object */ = {
			isa = PBXProject;
			attributes = {
				LastSwiftUpdateCheck = 1010;
				LastUpgradeCheck = 1010;
				ORGANIZATIONNAME = "Sakine Nishibayashi";
				TargetAttributes = {
					1161C58C22506D8300FE50A6 = {
						CreatedOnToolsVersion = 10.1;
					};
					1161C5A022506D8400FE50A6 = {
						CreatedOnToolsVersion = 10.1;
						TestTargetID = 1161C58C22506D8300FE50A6;
					};
					1161C5AB22506D8400FE50A6 = {
						CreatedOnToolsVersion = 10.1;
						TestTargetID = 1161C58C22506D8300FE50A6;
					};
				};
			};
			buildConfigurationList = 1161C58822506D8300FE50A6 /* Build configuration list for PBXProject "Gacha" */;
			compatibilityVersion = "Xcode 9.3";
			developmentRegion = en;
			hasScannedForEncodings = 0;
			knownRegions = (
				en,
				Base,
			);
			mainGroup = 1161C58422506D8300FE50A6;
			productRefGroup = 1161C58E22506D8300FE50A6 /* Products */;
			projectDirPath = "";
			projectRoot = "";
			targets = (
				1161C58C22506D8300FE50A6 /* Gacha */,
				1161C5A022506D8400FE50A6 /* GachaTests */,
				1161C5AB22506D8400FE50A6 /* GachaUITests */,
			);
		};
/* End PBXProject section */

/* Begin PBXResourcesBuildPhase section */
		1161C58B22506D8300FE50A6 /* Resources */ = {
			isa = PBXResourcesBuildPhase;
			buildActionMask = 2147483647;
			files = (
				1161C59B22506D8400FE50A6 /* LaunchScreen.storyboard in Resources */,
				1161C59822506D8400FE50A6 /* Assets.xcassets in Resources */,
				1161C59622506D8300FE50A6 /* Main.storyboard in Resources */,
			);
			runOnlyForDeploymentPostprocessing = 0;
		};
		1161C59F22506D8400FE50A6 /* Resources */ = {
			isa = PBXResourcesBuildPhase;
			buildActionMask = 2147483647;
			files = (
			);
			runOnlyForDeploymentPostprocessing = 0;
		};
		1161C5AA22506D8400FE50A6 /* Resources */ = {
			isa = PBXResourcesBuildPhase;
			buildActionMask = 2147483647;
			files = (
			);
			runOnlyForDeploymentPostprocessing = 0;
		};
/* End PBXResourcesBuildPhase section */

/* Begin PBXSourcesBuildPhase section */
		1161C58922506D8300FE50A6 /* Sources */ = {
			isa = PBXSourcesBuildPhase;
			buildActionMask = 2147483647;
			files = (
				1161C59322506D8300FE50A6 /* ViewController.swift in Sources */,
				1161C59122506D8300FE50A6 /* AppDelegate.swift in Sources */,
			);
			runOnlyForDeploymentPostprocessing = 0;
		};
		1161C59D22506D8400FE50A6 /* Sources */ = {
			isa = PBXSourcesBuildPhase;
			buildActionMask = 2147483647;
			files = (
				1161C5A622506D8400FE50A6 /* GachaTests.swift in Sources */,
			);
			runOnlyForDeploymentPostprocessing = 0;
		};
		1161C5A822506D8400FE50A6 /* Sources */ = {
			isa = PBXSourcesBuildPhase;
			buildActionMask = 2147483647;
			files = (
				1161C5B122506D8400FE50A6 /* GachaUITests.swift in Sources */,
			);
			runOnlyForDeploymentPostprocessing = 0;
		};
/* End PBXSourcesBuildPhase section */

/* Begin PBXTargetDependency section */
		1161C5A322506D8400FE50A6 /* PBXTargetDependency */ = {
			isa = PBXTargetDependency;
			target = 1161C58C22506D8300FE50A6 /* Gacha */;
			targetProxy = 1161C5A222506D8400FE50A6 /* PBXContainerItemProxy */;
		};
		1161C5AE22506D8400FE50A6 /* PBXTargetDependency */ = {
			isa = PBXTargetDependency;
			target = 1161C58C22506D8300FE50A6 /* Gacha */;
			targetProxy = 1161C5AD22506D8400FE50A6 /* PBXContainerItemProxy */;
		};
/* End PBXTargetDependency section */

/* Begin PBXVariantGroup section */
		1161C59422506D8300FE50A6 /* Main.storyboard */ = {
			isa = PBXVariantGroup;
			children = (
				1161C59522506D8300FE50A6 /* Base */,
			);
			name = Main.storyboard;
			sourceTree = "<group>";
		};
		1161C59922506D8400FE50A6 /* LaunchScreen.storyboard */ = {
			isa = PBXVariantGroup;
			children = (
				1161C59A22506D8400FE50A6 /* Base */,
			);
			name = LaunchScreen.storyboard;
			sourceTree = "<group>";
		};
/* End PBXVariantGroup section */

/* Begin XCBuildConfiguration section */
		1161C5B322506D8400FE50A6 /* Debug */ = {
			isa = XCBuildConfiguration;
			buildSettings = {
				ALWAYS_SEARCH_USER_PATHS = NO;
				CLANG_ANALYZER_NONNULL = YES;
				CLANG_ANALYZER_NUMBER_OBJECT_CONVERSION = YES_AGGRESSIVE;
				CLANG_CXX_LANGUAGE_STANDARD = "gnu++14";
				CLANG_CXX_LIBRARY = "libc++";
				CLANG_ENABLE_MODULES = YES;
				CLANG_ENABLE_OBJC_ARC = YES;
				CLANG_ENABLE_OBJC_WEAK = YES;
				CLANG_WARN_BLOCK_CAPTURE_AUTORELEASING = YES;
				CLANG_WARN_BOOL_CONVERSION = YES;
				CLANG_WARN_COMMA = YES;
				CLANG_WARN_CONSTANT_CONVERSION = YES;
				CLANG_WARN_DEPRECATED_OBJC_IMPLEMENTATIONS = YES;
				CLANG_WARN_DIRECT_OBJC_ISA_USAGE = YES_ERROR;
				CLANG_WARN_DOCUMENTATION_COMMENTS = YES;
				CLANG_WARN_EMPTY_BODY = YES;
				CLANG_WARN_ENUM_CONVERSION = YES;
				CLANG_WARN_INFINITE_RECURSION = YES;
				CLANG_WARN_INT_CONVERSION = YES;
				CLANG_WARN_NON_LITERAL_NULL_CONVERSION = YES;
				CLANG_WARN_OBJC_IMPLICIT_RETAIN_SELF = YES;
				CLANG_WARN_OBJC_LITERAL_CONVERSION = YES;
				CLANG_WARN_OBJC_ROOT_CLASS = YES_ERROR;
				CLANG_WARN_RANGE_LOOP_ANALYSIS = YES;
				CLANG_WARN_STRICT_PROTOTYPES = YES;
				CLANG_WARN_SUSPICIOUS_MOVE = YES;
				CLANG_WARN_UNGUARDED_AVAILABILITY = YES_AGGRESSIVE;
				CLANG_WARN_UNREACHABLE_CODE = YES;
				CLANG_WARN__DUPLICATE_METHOD_MATCH = YES;
				CODE_SIGN_IDENTITY = "iPhone Developer";
				COPY_PHASE_STRIP = NO;
				DEBUG_INFORMATION_FORMAT = dwarf;
				ENABLE_STRICT_OBJC_MSGSEND = YES;
				ENABLE_TESTABILITY = YES;
				GCC_C_LANGUAGE_STANDARD = gnu11;
				GCC_DYNAMIC_NO_PIC = NO;
				GCC_NO_COMMON_BLOCKS = YES;
				GCC_OPTIMIZATION_LEVEL = 0;
				GCC_PREPROCESSOR_DEFINITIONS = (
					"DEBUG=1",
					"$(inherited)",
				);
				GCC_WARN_64_TO_32_BIT_CONVERSION = YES;
				GCC_WARN_ABOUT_RETURN_TYPE = YES_ERROR;
				GCC_WARN_UNDECLARED_SELECTOR = YES;
				GCC_WARN_UNINITIALIZED_AUTOS = YES_AGGRESSIVE;
				GCC_WARN_UNUSED_FUNCTION = YES;
				GCC_WARN_UNUSED_VARIABLE = YES;
				IPHONEOS_DEPLOYMENT_TARGET = 12.1;
				MTL_ENABLE_DEBUG_INFO = INCLUDE_SOURCE;
				MTL_FAST_MATH = YES;
				ONLY_ACTIVE_ARCH = YES;
				SDKROOT = iphoneos;
				SWIFT_ACTIVE_COMPILATION_CONDITIONS = DEBUG;
				SWIFT_OPTIMIZATION_LEVEL = "-Onone";
			};
			name = Debug;
		};
		1161C5B422506D8400FE50A6 /* Release */ = {
			isa = XCBuildConfiguration;
			buildSettings = {
				ALWAYS_SEARCH_USER_PATHS = NO;
				CLANG_ANALYZER_NONNULL = YES;
				CLANG_ANALYZER_NUMBER_OBJECT_CONVERSION = YES_AGGRESSIVE;
				CLANG_CXX_LANGUAGE_STANDARD = "gnu++14";
				CLANG_CXX_LIBRARY = "libc++";
				CLANG_ENABLE_MODULES = YES;
				CLANG_ENABLE_OBJC_ARC = YES;
				CLANG_ENABLE_OBJC_WEAK = YES;
				CLANG_WARN_BLOCK_CAPTURE_AUTORELEASING = YES;
				CLANG_WARN_BOOL_CONVERSION = YES;
				CLANG_WARN_COMMA = YES;
				CLANG_WARN_CONSTANT_CONVERSION = YES;
				CLANG_WARN_DEPRECATED_OBJC_IMPLEMENTATIONS = YES;
				CLANG_WARN_DIRECT_OBJC_ISA_USAGE = YES_ERROR;
				CLANG_WARN_DOCUMENTATION_COMMENTS = YES;
				CLANG_WARN_EMPTY_BODY = YES;
				CLANG_WARN_ENUM_CONVERSION = YES;
				CLANG_WARN_INFINITE_RECURSION = YES;
				CLANG_WARN_INT_CONVERSION = YES;
				CLANG_WARN_NON_LITERAL_NULL_CONVERSION = YES;
				CLANG_WARN_OBJC_IMPLICIT_RETAIN_SELF = YES;
				CLANG_WARN_OBJC_LITERAL_CONVERSION = YES;
				CLANG_WARN_OBJC_ROOT_CLASS = YES_ERROR;
				CLANG_WARN_RANGE_LOOP_ANALYSIS = YES;
				CLANG_WARN_STRICT_PROTOTYPES = YES;
				CLANG_WARN_SUSPICIOUS_MOVE = YES;
				CLANG_WARN_UNGUARDED_AVAILABILITY = YES_AGGRESSIVE;
				CLANG_WARN_UNREACHABLE_CODE = YES;
				CLANG_WARN__DUPLICATE_METHOD_MATCH = YES;
				CODE_SIGN_IDENTITY = "iPhone Developer";
				COPY_PHASE_STRIP = NO;
				DEBUG_INFORMATION_FORMAT = "dwarf-with-dsym";
				ENABLE_NS_ASSERTIONS = NO;
				ENABLE_STRICT_OBJC_MSGSEND = YES;
				GCC_C_LANGUAGE_STANDARD = gnu11;
				GCC_NO_COMMON_BLOCKS = YES;
				GCC_WARN_64_TO_32_BIT_CONVERSION = YES;
				GCC_WARN_ABOUT_RETURN_TYPE = YES_ERROR;
				GCC_WARN_UNDECLARED_SELECTOR = YES;
				GCC_WARN_UNINITIALIZED_AUTOS = YES_AGGRESSIVE;
				GCC_WARN_UNUSED_FUNCTION = YES;
				GCC_WARN_UNUSED_VARIABLE = YES;
				IPHONEOS_DEPLOYMENT_TARGET = 12.1;
				MTL_ENABLE_DEBUG_INFO = NO;
				MTL_FAST_MATH = YES;
				SDKROOT = iphoneos;
				SWIFT_COMPILATION_MODE = wholemodule;
				SWIFT_OPTIMIZATION_LEVEL = "-O";
				VALIDATE_PRODUCT = YES;
			};
			name = Release;
		};
		1161C5B622506D8400FE50A6 /* Debug */ = {
			isa = XCBuildConfiguration;
			buildSettings = {
				ASSETCATALOG_COMPILER_APPICON_NAME = AppIcon;
				CODE_SIGN_STYLE = Automatic;
				DEVELOPMENT_TEAM = W2T75EV2YE;
				INFOPLIST_FILE = Gacha/Info.plist;
				LD_RUNPATH_SEARCH_PATHS = (
					"$(inherited)",
					"@executable_path/Frameworks",
				);
				PRODUCT_BUNDLE_IDENTIFIER = sakine.Gacha;
				PRODUCT_NAME = "$(TARGET_NAME)";
				SWIFT_VERSION = 4.2;
				TARGETED_DEVICE_FAMILY = "1,2";
			};
			name = Debug;
		};
		1161C5B722506D8400FE50A6 /* Release */ = {
			isa = XCBuildConfiguration;
			buildSettings = {
				ASSETCATALOG_COMPILER_APPICON_NAME = AppIcon;
				CODE_SIGN_STYLE = Automatic;
				DEVELOPMENT_TEAM = W2T75EV2YE;
				INFOPLIST_FILE = Gacha/Info.plist;
				LD_RUNPATH_SEARCH_PATHS = (
					"$(inherited)",
					"@executable_path/Frameworks",
				);
				PRODUCT_BUNDLE_IDENTIFIER = sakine.Gacha;
				PRODUCT_NAME = "$(TARGET_NAME)";
				SWIFT_VERSION = 4.2;
				TARGETED_DEVICE_FAMILY = "1,2";
			};
			name = Release;
		};
		1161C5B922506D8400FE50A6 /* Debug */ = {
			isa = XCBuildConfiguration;
			buildSettings = {
				ALWAYS_EMBED_SWIFT_STANDARD_LIBRARIES = YES;
				BUNDLE_LOADER = "$(TEST_HOST)";
				CODE_SIGN_STYLE = Automatic;
				DEVELOPMENT_TEAM = W2T75EV2YE;
				INFOPLIST_FILE = GachaTests/Info.plist;
				LD_RUNPATH_SEARCH_PATHS = (
					"$(inherited)",
					"@executable_path/Frameworks",
					"@loader_path/Frameworks",
				);
				PRODUCT_BUNDLE_IDENTIFIER = sakine.GachaTests;
				PRODUCT_NAME = "$(TARGET_NAME)";
				SWIFT_VERSION = 4.2;
				TARGETED_DEVICE_FAMILY = "1,2";
				TEST_HOST = "$(BUILT_PRODUCTS_DIR)/Gacha.app/Gacha";
			};
			name = Debug;
		};
		1161C5BA22506D8400FE50A6 /* Release */ = {
			isa = XCBuildConfiguration;
			buildSettings = {
				ALWAYS_EMBED_SWIFT_STANDARD_LIBRARIES = YES;
				BUNDLE_LOADER = "$(TEST_HOST)";
				CODE_SIGN_STYLE = Automatic;
				DEVELOPMENT_TEAM = W2T75EV2YE;
				INFOPLIST_FILE = GachaTests/Info.plist;
				LD_RUNPATH_SEARCH_PATHS = (
					"$(inherited)",
					"@executable_path/Frameworks",
					"@loader_path/Frameworks",
				);
				PRODUCT_BUNDLE_IDENTIFIER = sakine.GachaTests;
				PRODUCT_NAME = "$(TARGET_NAME)";
				SWIFT_VERSION = 4.2;
				TARGETED_DEVICE_FAMILY = "1,2";
				TEST_HOST = "$(BUILT_PRODUCTS_DIR)/Gacha.app/Gacha";
			};
			name = Release;
		};
		1161C5BC22506D8400FE50A6 /* Debug */ = {
			isa = XCBuildConfiguration;
			buildSettings = {
				ALWAYS_EMBED_SWIFT_STANDARD_LIBRARIES = YES;
				CODE_SIGN_STYLE = Automatic;
				DEVELOPMENT_TEAM = W2T75EV2YE;
				INFOPLIST_FILE = GachaUITests/Info.plist;
				LD_RUNPATH_SEARCH_PATHS = (
					"$(inherited)",
					"@executable_path/Frameworks",
					"@loader_path/Frameworks",
				);
				PRODUCT_BUNDLE_IDENTIFIER = sakine.GachaUITests;
				PRODUCT_NAME = "$(TARGET_NAME)";
				SWIFT_VERSION = 4.2;
				TARGETED_DEVICE_FAMILY = "1,2";
				TEST_TARGET_NAME = Gacha;
			};
			name = Debug;
		};
		1161C5BD22506D8400FE50A6 /* Release */ = {
			isa = XCBuildConfiguration;
			buildSettings = {
				ALWAYS_EMBED_SWIFT_STANDARD_LIBRARIES = YES;
				CODE_SIGN_STYLE = Automatic;
				DEVELOPMENT_TEAM = W2T75EV2YE;
				INFOPLIST_FILE = GachaUITests/Info.plist;
				LD_RUNPATH_SEARCH_PATHS = (
					"$(inherited)",
					"@executable_path/Frameworks",
					"@loader_path/Frameworks",
				);
				PRODUCT_BUNDLE_IDENTIFIER = sakine.GachaUITests;
				PRODUCT_NAME = "$(TARGET_NAME)";
				SWIFT_VERSION = 4.2;
				TARGETED_DEVICE_FAMILY = "1,2";
				TEST_TARGET_NAME = Gacha;
			};
			name = Release;
		};
/* End XCBuildConfiguration section */

/* Begin XCConfigurationList section */
		1161C58822506D8300FE50A6 /* Build configuration list for PBXProject "Gacha" */ = {
			isa = XCConfigurationList;
			buildConfigurations = (
				1161C5B322506D8400FE50A6 /* Debug */,
				1161C5B422506D8400FE50A6 /* Release */,
			);
			defaultConfigurationIsVisible = 0;
			defaultConfigurationName = Release;
		};
		1161C5B522506D8400FE50A6 /* Build configuration list for PBXNativeTarget "Gacha" */ = {
			isa = XCConfigurationList;
			buildConfigurations = (
				1161C5B622506D8400FE50A6 /* Debug */,
				1161C5B722506D8400FE50A6 /* Release */,
			);
			defaultConfigurationIsVisible = 0;
			defaultConfigurationName = Release;
		};
		1161C5B822506D8400FE50A6 /* Build configuration list for PBXNativeTarget "GachaTests" */ = {
			isa = XCConfigurationList;
			buildConfigurations = (
				1161C5B922506D8400FE50A6 /* Debug */,
				1161C5BA22506D8400FE50A6 /* Release */,
			);
			defaultConfigurationIsVisible = 0;
			defaultConfigurationName = Release;
		};
		1161C5BB22506D8400FE50A6 /* Build configuration list for PBXNativeTarget "GachaUITests" */ = {
			isa = XCConfigurationList;
			buildConfigurations = (
				1161C5BC22506D8400FE50A6 /* Debug */,
				1161C5BD22506D8400FE50A6 /* Release */,
			);
			defaultConfigurationIsVisible = 0;
			defaultConfigurationName = Release;
		};
/* End XCConfigurationList section */
	};
	rootObject = 1161C58522506D8300FE50A6 /* Project object */;
}
